
Microsoft Visual Studio Solution File, Format Version 12.00
# Visual Studio Version 17
VisualStudioVersion = 17.0.31919.166
MinimumVisualStudioVersion = 10.0.40219.1
Project("{9A19103F-16F7-4668-BE54-9A1E7A4F7556}") = "Uzumachi.UzuBlog.Web", "Uzumachi.UzuBlog.Web\Uzumachi.UzuBlog.Web.csproj", "{61EA7FEF-6CBC-4E87-AEE1-2BE55EA4FC8E}"
EndProject
Project("{9A19103F-16F7-4668-BE54-9A1E7A4F7556}") = "Uzumachi.UzuBlog.Domain", "Uzumachi.UzuBlog.Domain\Uzumachi.UzuBlog.Domain.csproj", "{811B12DC-24CE-455A-A3DF-4E99287C8289}"
EndProject
Project("{9A19103F-16F7-4668-BE54-9A1E7A4F7556}") = "Uzumachi.UzuBlog.Data", "Uzumachi.UzuBlog.Data\Uzumachi.UzuBlog.Data.csproj", "{20B5BCC1-A593-46B2-8CF3-057A5CCCCB5A}"
EndProject
Project("{9A19103F-16F7-4668-BE54-9A1E7A4F7556}") = "Uzumachi.UzuBlog.Core", "Uzumachi.UzuBlog.Core\Uzumachi.UzuBlog.Core.csproj", "{4FDFE2E5-CAA9-4519-A891-D73376CBAB77}"
EndProject
Project("{9A19103F-16F7-4668-BE54-9A1E7A4F7556}") = "Uzumachi.UzuBlog.Migrations", "Uzumachi.UzuBlog.Migrations\Uzumachi.UzuBlog.Migrations.csproj", "{89AA01B7-A9D5-4579-81B6-890BCF97384C}"
EndProject
Project("{FAE04EC0-301F-11D3-BF4B-00C04F79EFBC}") = "Uzumachi.UzuBlog.Parsers", "Uzumachi.UzuBlog.Parsers\Uzumachi.UzuBlog.Parsers.csproj", "{5BDAD0AE-8351-4B4F-AC56-5A0536DE9FD3}"
EndProject
Global
	GlobalSection(SolutionConfigurationPlatforms) = preSolution
		Debug|Any CPU = Debug|Any CPU
		Release|Any CPU = Release|Any CPU
	EndGlobalSection
	GlobalSection(ProjectConfigurationPlatforms) = postSolution
		{61EA7FEF-6CBC-4E87-AEE1-2BE55EA4FC8E}.Debug|Any CPU.ActiveCfg = Debug|Any CPU
		{61EA7FEF-6CBC-4E87-AEE1-2BE55EA4FC8E}.Debug|Any CPU.Build.0 = Debug|Any CPU
		{61EA7FEF-6CBC-4E87-AEE1-2BE55EA4FC8E}.Release|Any CPU.ActiveCfg = Release|Any CPU
		{61EA7FEF-6CBC-4E87-AEE1-2BE55EA4FC8E}.Release|Any CPU.Build.0 = Release|Any CPU
		{811B12DC-24CE-455A-A3DF-4E99287C8289}.Debug|Any CPU.ActiveCfg = Debug|Any CPU
		{811B12DC-24CE-455A-A3DF-4E99287C8289}.Debug|Any CPU.Build.0 = Debug|Any CPU
		{811B12DC-24CE-455A-A3DF-4E99287C8289}.Release|Any CPU.ActiveCfg = Release|Any CPU
		{811B12DC-24CE-455A-A3DF-4E99287C8289}.Release|Any CPU.Build.0 = Release|Any CPU
		{20B5BCC1-A593-46B2-8CF3-057A5CCCCB5A}.Debug|Any CPU.ActiveCfg = Debug|Any CPU
		{20B5BCC1-A593-46B2-8CF3-057A5CCCCB5A}.Debug|Any CPU.Build.0 = Debug|Any CPU
		{20B5BCC1-A593-46B2-8CF3-057A5CCCCB5A}.Release|Any CPU.ActiveCfg = Release|Any CPU
		{20B5BCC1-A593-46B2-8CF3-057A5CCCCB5A}.Release|Any CPU.Build.0 = Release|Any CPU
		{4FDFE2E5-CAA9-4519-A891-D73376CBAB77}.Debug|Any CPU.ActiveCfg = Debug|Any CPU
		{4FDFE2E5-CAA9-4519-A891-D73376CBAB77}.Debug|Any CPU.Build.0 = Debug|Any CPU
		{4FDFE2E5-CAA9-4519-A891-D73376CBAB77}.Release|Any CPU.ActiveCfg = Release|Any CPU
		{4FDFE2E5-CAA9-4519-A891-D73376CBAB77}.Release|Any CPU.Build.0 = Release|Any CPU
		{89AA01B7-A9D5-4579-81B6-890BCF97384C}.Debug|Any CPU.ActiveCfg = Debug|Any CPU
		{89AA01B7-A9D5-4579-81B6-890BCF97384C}.Debug|Any CPU.Build.0 = Debug|Any CPU
		{89AA01B7-A9D5-4579-81B6-890BCF97384C}.Release|Any CPU.ActiveCfg = Release|Any CPU
		{89AA01B7-A9D5-4579-81B6-890BCF97384C}.Release|Any CPU.Build.0 = Release|Any CPU
		{5BDAD0AE-8351-4B4F-AC56-5A0536DE9FD3}.Debug|Any CPU.ActiveCfg = Debug|Any CPU
		{5BDAD0AE-8351-4B4F-AC56-5A0536DE9FD3}.Debug|Any CPU.Build.0 = Debug|Any CPU
		{5BDAD0AE-8351-4B4F-AC56-5A0536DE9FD3}.Release|Any CPU.ActiveCfg = Release|Any CPU
		{5BDAD0AE-8351-4B4F-AC56-5A0536DE9FD3}.Release|Any CPU.Build.0 = Release|Any CPU
	EndGlobalSection
	GlobalSection(SolutionProperties) = preSolution
		HideSolutionNode = FALSE
	EndGlobalSection
	GlobalSection(ExtensibilityGlobals) = postSolution
		SolutionGuid = {60A3BB0D-6134-44FD-BD01-47660E8F5135}
	EndGlobalSection
EndGlobal
